# This file is automatically @generated by Cargo.
# It is not intended for manual editing.
version = 3

[[package]]
name = "compiler"
version = "0.1.0"

[[package]]
name = "example"
version = "0.1.0"
dependencies = [
 "compiler",
 "macros",
]

[[package]]
name = "framework"
version = "0.1.0"
dependencies = [
 "compiler",
]

[[package]]
name = "macros"
version = "0.1.0"
dependencies = [
 "compiler",
 "framework",
]
